
Microsoft Visual Studio Solution File, Format Version 12.00
# Visual Studio Version 17
VisualStudioVersion = 17.3.32929.385
MinimumVisualStudioVersion = 10.0.40219.1
Project("{FAE04EC0-301F-11D3-BF4B-00C04F79EFBC}") = "Stepankiv_S_Volont", "Stepankiv_S_Volont.csproj", "{15AA5BF0-F7F9-4DB3-ABE9-4C515EF527BA}"
EndProject
Global
	GlobalSection(SolutionConfigurationPlatforms) = preSolution
		Debug|Any CPU = Debug|Any CPU
		Release|Any CPU = Release|Any CPU
	EndGlobalSection
	GlobalSection(ProjectConfigurationPlatforms) = postSolution
		{15AA5BF0-F7F9-4DB3-ABE9-4C515EF527BA}.Debug|Any CPU.ActiveCfg = Debug|Any CPU
		{15AA5BF0-F7F9-4DB3-ABE9-4C515EF527BA}.Debug|Any CPU.Build.0 = Debug|Any CPU
		{15AA5BF0-F7F9-4DB3-ABE9-4C515EF527BA}.Release|Any CPU.ActiveCfg = Release|Any CPU
		{15AA5BF0-F7F9-4DB3-ABE9-4C515EF527BA}.Release|Any CPU.Build.0 = Release|Any CPU
	EndGlobalSection
	GlobalSection(SolutionProperties) = preSolution
		HideSolutionNode = FALSE
	EndGlobalSection
	GlobalSection(ExtensibilityGlobals) = postSolution
		SolutionGuid = {682CFD43-62BA-4F4C-A49C-9F5891D0E4F5}
	EndGlobalSection
EndGlobal
